// !$*UTF8*$!
{
	archiveVersion = 1;
	classes = {
	};
	objectVersion = 46;
	objects = {

/* Begin PBXBuildFile section */
		C02F27EF1F73433F0010F16A /* AppDelegate.swift in Sources */ = {isa = PBXBuildFile; fileRef = C02F27EE1F73433F0010F16A /* AppDelegate.swift */; };
		C02F27F11F73433F0010F16A /* ViewController.swift in Sources */ = {isa = PBXBuildFile; fileRef = C02F27F01F73433F0010F16A /* ViewController.swift */; };
		C02F27F41F73433F0010F16A /* Main.storyboard in Resources */ = {isa = PBXBuildFile; fileRef = C02F27F21F73433F0010F16A /* Main.storyboard */; };
		C02F27F71F73433F0010F16A /* NetWorking.xcdatamodeld in Sources */ = {isa = PBXBuildFile; fileRef = C02F27F51F73433F0010F16A /* NetWorking.xcdatamodeld */; };
		C02F27F91F73433F0010F16A /* Assets.xcassets in Resources */ = {isa = PBXBuildFile; fileRef = C02F27F81F73433F0010F16A /* Assets.xcassets */; };
		C02F27FC1F73433F0010F16A /* LaunchScreen.storyboard in Resources */ = {isa = PBXBuildFile; fileRef = C02F27FA1F73433F0010F16A /* LaunchScreen.storyboard */; };
/* End PBXBuildFile section */

/* Begin PBXFileReference section */
		C02F27EB1F73433F0010F16A /* NetWorking.app */ = {isa = PBXFileReference; explicitFileType = wrapper.application; includeInIndex = 0; path = NetWorking.app; sourceTree = BUILT_PRODUCTS_DIR; };
		C02F27EE1F73433F0010F16A /* AppDelegate.swift */ = {isa = PBXFileReference; lastKnownFileType = sourcecode.swift; path = AppDelegate.swift; sourceTree = "<group>"; };
		C02F27F01F73433F0010F16A /* ViewController.swift */ = {isa = PBXFileReference; lastKnownFileType = sourcecode.swift; path = ViewController.swift; sourceTree = "<group>"; };
		C02F27F31F73433F0010F16A /* Base */ = {isa = PBXFileReference; lastKnownFileType = file.storyboard; name = Base; path = Base.lproj/Main.storyboard; sourceTree = "<group>"; };
		C02F27F61F73433F0010F16A /* NetWorking.xcdatamodel */ = {isa = PBXFileReference; lastKnownFileType = wrapper.xcdatamodel; path = NetWorking.xcdatamodel; sourceTree = "<group>"; };
		C02F27F81F73433F0010F16A /* Assets.xcassets */ = {isa = PBXFileReference; lastKnownFileType = folder.assetcatalog; path = Assets.xcassets; sourceTree = "<group>"; };
		C02F27FB1F73433F0010F16A /* Base */ = {isa = PBXFileReference; lastKnownFileType = file.storyboard; name = Base; path = Base.lproj/LaunchScreen.storyboard; sourceTree = "<group>"; };
		C02F27FD1F73433F0010F16A /* Info.plist */ = {isa = PBXFileReference; lastKnownFileType = text.plist.xml; path = Info.plist; sourceTree = "<group>"; };
/* End PBXFileReference section */

/* Begin PBXFrameworksBuildPhase section */
		C02F27E81F73433F0010F16A /* Frameworks */ = {
			isa = PBXFrameworksBuildPhase;
			buildActionMask = 2147483647;
			files = (
			);
			runOnlyForDeploymentPostprocessing = 0;
		};
/* End PBXFrameworksBuildPhase section */

/* Begin PBXGroup section */
		C02F27E21F73433F0010F16A = {
			isa = PBXGroup;
			children = (
				C02F27ED1F73433F0010F16A /* NetWorking */,
				C02F27EC1F73433F0010F16A /* Products */,
			);
			sourceTree = "<group>";
		};
		C02F27EC1F73433F0010F16A /* Products */ = {
			isa = PBXGroup;
			children = (
				C02F27EB1F73433F0010F16A /* NetWorking.app */,
			);
			name = Products;
			sourceTree = "<group>";
		};
		C02F27ED1F73433F0010F16A /* NetWorking */ = {
			isa = PBXGroup;
			children = (
				C02F27EE1F73433F0010F16A /* AppDelegate.swift */,
				C02F27F01F73433F0010F16A /* ViewController.swift */,
				C02F27F21F73433F0010F16A /* Main.storyboard */,
				C02F27F81F73433F0010F16A /* Assets.xcassets */,
				C02F27FA1F73433F0010F16A /* LaunchScreen.storyboard */,
				C02F27FD1F73433F0010F16A /* Info.plist */,
				C02F27F51F73433F0010F16A /* NetWorking.xcdatamodeld */,
			);
			path = NetWorking;
			sourceTree = "<group>";
		};
/* End PBXGroup section */

/* Begin PBXNativeTarget section */
		C02F27EA1F73433F0010F16A /* NetWorking */ = {
			isa = PBXNativeTarget;
			buildConfigurationList = C02F28001F73433F0010F16A /* Build configuration list for PBXNativeTarget "NetWorking" */;
			buildPhases = (
				C02F27E71F73433F0010F16A /* Sources */,
				C02F27E81F73433F0010F16A /* Frameworks */,
				C02F27E91F73433F0010F16A /* Resources */,
			);
			buildRules = (
			);
			dependencies = (
			);
			name = NetWorking;
			productName = NetWorking;
			productReference = C02F27EB1F73433F0010F16A /* NetWorking.app */;
			productType = "com.apple.product-type.application";
		};
/* End PBXNativeTarget section */

/* Begin PBXProject section */
		C02F27E31F73433F0010F16A /* Project object */ = {
			isa = PBXProject;
			attributes = {
				LastSwiftUpdateCheck = 0800;
				LastUpgradeCheck = 0800;
				ORGANIZATIONNAME = Caelum;
				TargetAttributes = {
					C02F27EA1F73433F0010F16A = {
						CreatedOnToolsVersion = 8.0;
						ProvisioningStyle = Automatic;
					};
				};
			};
			buildConfigurationList = C02F27E61F73433F0010F16A /* Build configuration list for PBXProject "NetWorking" */;
			compatibilityVersion = "Xcode 3.2";
			developmentRegion = English;
			hasScannedForEncodings = 0;
			knownRegions = (
				en,
				Base,
			);
			mainGroup = C02F27E21F73433F0010F16A;
			productRefGroup = C02F27EC1F73433F0010F16A /* Products */;
			projectDirPath = "";
			projectRoot = "";
			targets = (
				C02F27EA1F73433F0010F16A /* NetWorking */,
			);
		};
/* End PBXProject section */

/* Begin PBXResourcesBuildPhase section */
		C02F27E91F73433F0010F16A /* Resources */ = {
			isa = PBXResourcesBuildPhase;
			buildActionMask = 2147483647;
			files = (
				C02F27FC1F73433F0010F16A /* LaunchScreen.storyboard in Resources */,
				C02F27F91F73433F0010F16A /* Assets.xcassets in Resources */,
				C02F27F41F73433F0010F16A /* Main.storyboard in Resources */,
			);
			runOnlyForDeploymentPostprocessing = 0;
		};
/* End PBXResourcesBuildPhase section */

/* Begin PBXSourcesBuildPhase section */
		C02F27E71F73433F0010F16A /* Sources */ = {
			isa = PBXSourcesBuildPhase;
			buildActionMask = 2147483647;
			files = (
				C02F27F11F73433F0010F16A /* ViewController.swift in Sources */,
				C02F27EF1F73433F0010F16A /* AppDelegate.swift in Sources */,
				C02F27F71F73433F0010F16A /* NetWorking.xcdatamodeld in Sources */,
			);
			runOnlyForDeploymentPostprocessing = 0;
		};
/* End PBXSourcesBuildPhase section */

/* Begin PBXVariantGroup section */
		C02F27F21F73433F0010F16A /* Main.storyboard */ = {
			isa = PBXVariantGroup;
			children = (
				C02F27F31F73433F0010F16A /* Base */,
			);
			name = Main.storyboard;
			sourceTree = "<group>";
		};
		C02F27FA1F73433F0010F16A /* LaunchScreen.storyboard */ = {
			isa = PBXVariantGroup;
			children = (
				C02F27FB1F73433F0010F16A /* Base */,
			);
			name = LaunchScreen.storyboard;
			sourceTree = "<group>";
		};
/* End PBXVariantGroup section */

/* Begin XCBuildConfiguration section */
		C02F27FE1F73433F0010F16A /* Debug */ = {
			isa = XCBuildConfiguration;
			buildSettings = {
				ALWAYS_SEARCH_USER_PATHS = NO;
				CLANG_ANALYZER_NONNULL = YES;
				CLANG_CXX_LANGUAGE_STANDARD = "gnu++0x";
				CLANG_CXX_LIBRARY = "libc++";
				CLANG_ENABLE_MODULES = YES;
				CLANG_ENABLE_OBJC_ARC = YES;
				CLANG_WARN_BOOL_CONVERSION = YES;
				CLANG_WARN_CONSTANT_CONVERSION = YES;
				CLANG_WARN_DIRECT_OBJC_ISA_USAGE = YES_ERROR;
				CLANG_WARN_DOCUMENTATION_COMMENTS = YES;
				CLANG_WARN_EMPTY_BODY = YES;
				CLANG_WARN_ENUM_CONVERSION = YES;
				CLANG_WARN_INFINITE_RECURSION = YES;
				CLANG_WARN_INT_CONVERSION = YES;
				CLANG_WARN_OBJC_ROOT_CLASS = YES_ERROR;
				CLANG_WARN_SUSPICIOUS_MOVES = YES;
				CLANG_WARN_UNREACHABLE_CODE = YES;
				CLANG_WARN__DUPLICATE_METHOD_MATCH = YES;
				"CODE_SIGN_IDENTITY[sdk=iphoneos*]" = "iPhone Developer";
				COPY_PHASE_STRIP = NO;
				DEBUG_INFORMATION_FORMAT = dwarf;
				ENABLE_STRICT_OBJC_MSGSEND = YES;
				ENABLE_TESTABILITY = YES;
				GCC_C_LANGUAGE_STANDARD = gnu99;
				GCC_DYNAMIC_NO_PIC = NO;
				GCC_NO_COMMON_BLOCKS = YES;
				GCC_OPTIMIZATION_LEVEL = 0;
				GCC_PREPROCESSOR_DEFINITIONS = (
					"DEBUG=1",
					"$(inherited)",
				);
				GCC_WARN_64_TO_32_BIT_CONVERSION = YES;
				GCC_WARN_ABOUT_RETURN_TYPE = YES_ERROR;
				GCC_WARN_UNDECLARED_SELECTOR = YES;
				GCC_WARN_UNINITIALIZED_AUTOS = YES_AGGRESSIVE;
				GCC_WARN_UNUSED_FUNCTION = YES;
				GCC_WARN_UNUSED_VARIABLE = YES;
				IPHONEOS_DEPLOYMENT_TARGET = 10.0;
				MTL_ENABLE_DEBUG_INFO = YES;
				ONLY_ACTIVE_ARCH = YES;
				SDKROOT = iphoneos;
				SWIFT_ACTIVE_COMPILATION_CONDITIONS = DEBUG;
				SWIFT_OPTIMIZATION_LEVEL = "-Onone";
			};
			name = Debug;
		};
		C02F27FF1F73433F0010F16A /* Release */ = {
			isa = XCBuildConfiguration;
			buildSettings = {
				ALWAYS_SEARCH_USER_PATHS = NO;
				CLANG_ANALYZER_NONNULL = YES;
				CLANG_CXX_LANGUAGE_STANDARD = "gnu++0x";
				CLANG_CXX_LIBRARY = "libc++";
				CLANG_ENABLE_MODULES = YES;
				CLANG_ENABLE_OBJC_ARC = YES;
				CLANG_WARN_BOOL_CONVERSION = YES;
				CLANG_WARN_CONSTANT_CONVERSION = YES;
				CLANG_WARN_DIRECT_OBJC_ISA_USAGE = YES_ERROR;
				CLANG_WARN_DOCUMENTATION_COMMENTS = YES;
				CLANG_WARN_EMPTY_BODY = YES;
				CLANG_WARN_ENUM_CONVERSION = YES;
				CLANG_WARN_INFINITE_RECURSION = YES;
				CLANG_WARN_INT_CONVERSION = YES;
				CLANG_WARN_OBJC_ROOT_CLASS = YES_ERROR;
				CLANG_WARN_SUSPICIOUS_MOVES = YES;
				CLANG_WARN_UNREACHABLE_CODE = YES;
				CLANG_WARN__DUPLICATE_METHOD_MATCH = YES;
				"CODE_SIGN_IDENTITY[sdk=iphoneos*]" = "iPhone Developer";
				COPY_PHASE_STRIP = NO;
				DEBUG_INFORMATION_FORMAT = "dwarf-with-dsym";
				ENABLE_NS_ASSERTIONS = NO;
				ENABLE_STRICT_OBJC_MSGSEND = YES;
				GCC_C_LANGUAGE_STANDARD = gnu99;
				GCC_NO_COMMON_BLOCKS = YES;
				GCC_WARN_64_TO_32_BIT_CONVERSION = YES;
				GCC_WARN_ABOUT_RETURN_TYPE = YES_ERROR;
				GCC_WARN_UNDECLARED_SELECTOR = YES;
				GCC_WARN_UNINITIALIZED_AUTOS = YES_AGGRESSIVE;
				GCC_WARN_UNUSED_FUNCTION = YES;
				GCC_WARN_UNUSED_VARIABLE = YES;
				IPHONEOS_DEPLOYMENT_TARGET = 10.0;
				MTL_ENABLE_DEBUG_INFO = NO;
				SDKROOT = iphoneos;
				SWIFT_OPTIMIZATION_LEVEL = "-Owholemodule";
				VALIDATE_PRODUCT = YES;
			};
			name = Release;
		};
		C02F28011F73433F0010F16A /* Debug */ = {
			isa = XCBuildConfiguration;
			buildSettings = {
				ASSETCATALOG_COMPILER_APPICON_NAME = AppIcon;
				INFOPLIST_FILE = NetWorking/Info.plist;
				LD_RUNPATH_SEARCH_PATHS = "$(inherited) @executable_path/Frameworks";
				PRODUCT_BUNDLE_IDENTIFIER = br.com.caelum.NetWorking;
				PRODUCT_NAME = "$(TARGET_NAME)";
				SWIFT_VERSION = 3.0;
			};
			name = Debug;
		};
		C02F28021F73433F0010F16A /* Release */ = {
			isa = XCBuildConfiguration;
			buildSettings = {
				ASSETCATALOG_COMPILER_APPICON_NAME = AppIcon;
				INFOPLIST_FILE = NetWorking/Info.plist;
				LD_RUNPATH_SEARCH_PATHS = "$(inherited) @executable_path/Frameworks";
				PRODUCT_BUNDLE_IDENTIFIER = br.com.caelum.NetWorking;
				PRODUCT_NAME = "$(TARGET_NAME)";
				SWIFT_VERSION = 3.0;
			};
			name = Release;
		};
/* End XCBuildConfiguration section */

/* Begin XCConfigurationList section */
		C02F27E61F73433F0010F16A /* Build configuration list for PBXProject "NetWorking" */ = {
			isa = XCConfigurationList;
			buildConfigurations = (
				C02F27FE1F73433F0010F16A /* Debug */,
				C02F27FF1F73433F0010F16A /* Release */,
			);
			defaultConfigurationIsVisible = 0;
			defaultConfigurationName = Release;
		};
		C02F28001F73433F0010F16A /* Build configuration list for PBXNativeTarget "NetWorking" */ = {
			isa = XCConfigurationList;
			buildConfigurations = (
				C02F28011F73433F0010F16A /* Debug */,
				C02F28021F73433F0010F16A /* Release */,
			);
			defaultConfigurationIsVisible = 0;
		};
/* End XCConfigurationList section */

/* Begin XCVersionGroup section */
		C02F27F51F73433F0010F16A /* NetWorking.xcdatamodeld */ = {
			isa = XCVersionGroup;
			children = (
				C02F27F61F73433F0010F16A /* NetWorking.xcdatamodel */,
			);
			currentVersion = C02F27F61F73433F0010F16A /* NetWorking.xcdatamodel */;
			path = NetWorking.xcdatamodeld;
			sourceTree = "<group>";
			versionGroupType = wrapper.xcdatamodel;
		};
/* End XCVersionGroup section */
	};
	rootObject = C02F27E31F73433F0010F16A /* Project object */;
}
