// !$*UTF8*$!
{
	archiveVersion = 1;
	classes = {
	};
	objectVersion = 46;
	objects = {

/* Begin PBXBuildFile section */
		2588E0AA8AD61493355F3277 /* Pods_ContatosIP67.framework in Frameworks */ = {isa = PBXBuildFile; fileRef = C8500AFFB90E52F707FE2E69 /* Pods_ContatosIP67.framework */; };
		C00CD7AE1F6B38A900B1FCD3 /* FormularioContatoViewControllerDelegate.swift in Sources */ = {isa = PBXBuildFile; fileRef = C00CD7AD1F6B38A900B1FCD3 /* FormularioContatoViewControllerDelegate.swift */; };
		C00CD7B01F6B553700B1FCD3 /* GerenciadorDeAcoes.swift in Sources */ = {isa = PBXBuildFile; fileRef = C00CD7AF1F6B553700B1FCD3 /* GerenciadorDeAcoes.swift */; };
		C01DD5001F73259700E95947 /* TemperaturaViewController.swift in Sources */ = {isa = PBXBuildFile; fileRef = C01DD4FF1F73259700E95947 /* TemperaturaViewController.swift */; };
		C02B1DC21F689732009F9465 /* AppDelegate.swift in Sources */ = {isa = PBXBuildFile; fileRef = C02B1DC11F689732009F9465 /* AppDelegate.swift */; };
		C02B1DC41F689732009F9465 /* FormularioContatoViewController.swift in Sources */ = {isa = PBXBuildFile; fileRef = C02B1DC31F689732009F9465 /* FormularioContatoViewController.swift */; };
		C02B1DC71F689732009F9465 /* Main.storyboard in Resources */ = {isa = PBXBuildFile; fileRef = C02B1DC51F689732009F9465 /* Main.storyboard */; };
		C02B1DCA1F689732009F9465 /* ContatosIP67.xcdatamodeld in Sources */ = {isa = PBXBuildFile; fileRef = C02B1DC81F689732009F9465 /* ContatosIP67.xcdatamodeld */; };
		C02B1DCC1F689732009F9465 /* Assets.xcassets in Resources */ = {isa = PBXBuildFile; fileRef = C02B1DCB1F689732009F9465 /* Assets.xcassets */; };
		C02B1DCF1F689732009F9465 /* LaunchScreen.storyboard in Resources */ = {isa = PBXBuildFile; fileRef = C02B1DCD1F689732009F9465 /* LaunchScreen.storyboard */; };
		C02B1DD91F689F5C009F9465 /* Contato.m in Sources */ = {isa = PBXBuildFile; fileRef = C02B1DD81F689F5C009F9465 /* Contato.m */; };
		C06D09961F68B07D00E3C9BC /* ContatoDao.swift in Sources */ = {isa = PBXBuildFile; fileRef = C06D09951F68B07D00E3C9BC /* ContatoDao.swift */; };
		C06D099C1F68C08B00E3C9BC /* ListaContatosViewController.swift in Sources */ = {isa = PBXBuildFile; fileRef = C06D099B1F68C08B00E3C9BC /* ListaContatosViewController.swift */; };
		C0C9812C1F71D6FB005197BC /* CoreDataUtil.swift in Sources */ = {isa = PBXBuildFile; fileRef = C0C9812B1F71D6FB005197BC /* CoreDataUtil.swift */; };
		C0DC14211F6CA2EA00BD42C3 /* ContatoNoMapaViewController.swift in Sources */ = {isa = PBXBuildFile; fileRef = C0DC14201F6CA2EA00BD42C3 /* ContatoNoMapaViewController.swift */; };
		C0DC14231F6CACC500BD42C3 /* Vila Mariana.gpx in Resources */ = {isa = PBXBuildFile; fileRef = C0DC14221F6CACC500BD42C3 /* Vila Mariana.gpx */; };
/* End PBXBuildFile section */

/* Begin PBXFileReference section */
		1CCB00AE74ED160785D05865 /* Pods-ContatosIP67.debug.xcconfig */ = {isa = PBXFileReference; includeInIndex = 1; lastKnownFileType = text.xcconfig; name = "Pods-ContatosIP67.debug.xcconfig"; path = "Pods/Target Support Files/Pods-ContatosIP67/Pods-ContatosIP67.debug.xcconfig"; sourceTree = "<group>"; };
		863BCDDC83C3BDCC93BA8AC3 /* Pods-ContatosIP67.release.xcconfig */ = {isa = PBXFileReference; includeInIndex = 1; lastKnownFileType = text.xcconfig; name = "Pods-ContatosIP67.release.xcconfig"; path = "Pods/Target Support Files/Pods-ContatosIP67/Pods-ContatosIP67.release.xcconfig"; sourceTree = "<group>"; };
		C00CD7AD1F6B38A900B1FCD3 /* FormularioContatoViewControllerDelegate.swift */ = {isa = PBXFileReference; fileEncoding = 4; lastKnownFileType = sourcecode.swift; path = FormularioContatoViewControllerDelegate.swift; sourceTree = "<group>"; };
		C00CD7AF1F6B553700B1FCD3 /* GerenciadorDeAcoes.swift */ = {isa = PBXFileReference; fileEncoding = 4; lastKnownFileType = sourcecode.swift; path = GerenciadorDeAcoes.swift; sourceTree = "<group>"; };
		C01DD4FF1F73259700E95947 /* TemperaturaViewController.swift */ = {isa = PBXFileReference; fileEncoding = 4; lastKnownFileType = sourcecode.swift; path = TemperaturaViewController.swift; sourceTree = "<group>"; };
		C02B1DBE1F689732009F9465 /* ContatosIP67.app */ = {isa = PBXFileReference; explicitFileType = wrapper.application; includeInIndex = 0; path = ContatosIP67.app; sourceTree = BUILT_PRODUCTS_DIR; };
		C02B1DC11F689732009F9465 /* AppDelegate.swift */ = {isa = PBXFileReference; lastKnownFileType = sourcecode.swift; path = AppDelegate.swift; sourceTree = "<group>"; };
		C02B1DC31F689732009F9465 /* FormularioContatoViewController.swift */ = {isa = PBXFileReference; lastKnownFileType = sourcecode.swift; path = FormularioContatoViewController.swift; sourceTree = "<group>"; };
		C02B1DC61F689732009F9465 /* Base */ = {isa = PBXFileReference; lastKnownFileType = file.storyboard; name = Base; path = Base.lproj/Main.storyboard; sourceTree = "<group>"; };
		C02B1DC91F689732009F9465 /* ContatosIP67.xcdatamodel */ = {isa = PBXFileReference; lastKnownFileType = wrapper.xcdatamodel; path = ContatosIP67.xcdatamodel; sourceTree = "<group>"; };
		C02B1DCB1F689732009F9465 /* Assets.xcassets */ = {isa = PBXFileReference; lastKnownFileType = folder.assetcatalog; path = Assets.xcassets; sourceTree = "<group>"; };
		C02B1DCE1F689732009F9465 /* Base */ = {isa = PBXFileReference; lastKnownFileType = file.storyboard; name = Base; path = Base.lproj/LaunchScreen.storyboard; sourceTree = "<group>"; };
		C02B1DD01F689732009F9465 /* Info.plist */ = {isa = PBXFileReference; lastKnownFileType = text.plist.xml; path = Info.plist; sourceTree = "<group>"; };
		C02B1DD61F689F5C009F9465 /* ContatosIP67-Bridging-Header.h */ = {isa = PBXFileReference; lastKnownFileType = sourcecode.c.h; path = "ContatosIP67-Bridging-Header.h"; sourceTree = "<group>"; };
		C02B1DD71F689F5C009F9465 /* Contato.h */ = {isa = PBXFileReference; fileEncoding = 4; lastKnownFileType = sourcecode.c.h; path = Contato.h; sourceTree = "<group>"; };
		C02B1DD81F689F5C009F9465 /* Contato.m */ = {isa = PBXFileReference; fileEncoding = 4; lastKnownFileType = sourcecode.c.objc; path = Contato.m; sourceTree = "<group>"; };
		C06D09951F68B07D00E3C9BC /* ContatoDao.swift */ = {isa = PBXFileReference; fileEncoding = 4; lastKnownFileType = sourcecode.swift; path = ContatoDao.swift; sourceTree = "<group>"; };
		C06D099B1F68C08B00E3C9BC /* ListaContatosViewController.swift */ = {isa = PBXFileReference; fileEncoding = 4; lastKnownFileType = sourcecode.swift; path = ListaContatosViewController.swift; sourceTree = "<group>"; };
		C0C9812B1F71D6FB005197BC /* CoreDataUtil.swift */ = {isa = PBXFileReference; fileEncoding = 4; lastKnownFileType = sourcecode.swift; path = CoreDataUtil.swift; sourceTree = "<group>"; };
		C0DC14201F6CA2EA00BD42C3 /* ContatoNoMapaViewController.swift */ = {isa = PBXFileReference; fileEncoding = 4; lastKnownFileType = sourcecode.swift; path = ContatoNoMapaViewController.swift; sourceTree = "<group>"; };
		C0DC14221F6CACC500BD42C3 /* Vila Mariana.gpx */ = {isa = PBXFileReference; fileEncoding = 4; lastKnownFileType = text.xml; path = "Vila Mariana.gpx"; sourceTree = "<group>"; };
		C8500AFFB90E52F707FE2E69 /* Pods_ContatosIP67.framework */ = {isa = PBXFileReference; explicitFileType = wrapper.framework; includeInIndex = 0; path = Pods_ContatosIP67.framework; sourceTree = BUILT_PRODUCTS_DIR; };
/* End PBXFileReference section */

/* Begin PBXFrameworksBuildPhase section */
		C02B1DBB1F689731009F9465 /* Frameworks */ = {
			isa = PBXFrameworksBuildPhase;
			buildActionMask = 2147483647;
			files = (
				2588E0AA8AD61493355F3277 /* Pods_ContatosIP67.framework in Frameworks */,
			);
			runOnlyForDeploymentPostprocessing = 0;
		};
/* End PBXFrameworksBuildPhase section */

/* Begin PBXGroup section */
		08928071D4D7CFCE76941936 /* Frameworks */ = {
			isa = PBXGroup;
			children = (
				C8500AFFB90E52F707FE2E69 /* Pods_ContatosIP67.framework */,
			);
			name = Frameworks;
			sourceTree = "<group>";
		};
		C02B1DB51F689731009F9465 = {
			isa = PBXGroup;
			children = (
				C02B1DC01F689732009F9465 /* ContatosIP67 */,
				C02B1DBF1F689732009F9465 /* Products */,
				E0A161C5BF964671C790E092 /* Pods */,
				08928071D4D7CFCE76941936 /* Frameworks */,
			);
			sourceTree = "<group>";
		};
		C02B1DBF1F689732009F9465 /* Products */ = {
			isa = PBXGroup;
			children = (
				C02B1DBE1F689732009F9465 /* ContatosIP67.app */,
			);
			name = Products;
			sourceTree = "<group>";
		};
		C02B1DC01F689732009F9465 /* ContatosIP67 */ = {
			isa = PBXGroup;
			children = (
				C02B1DC11F689732009F9465 /* AppDelegate.swift */,
				C0C9812B1F71D6FB005197BC /* CoreDataUtil.swift */,
				C02B1DC31F689732009F9465 /* FormularioContatoViewController.swift */,
				C00CD7AD1F6B38A900B1FCD3 /* FormularioContatoViewControllerDelegate.swift */,
				C0DC14201F6CA2EA00BD42C3 /* ContatoNoMapaViewController.swift */,
				C06D099B1F68C08B00E3C9BC /* ListaContatosViewController.swift */,
				C01DD4FF1F73259700E95947 /* TemperaturaViewController.swift */,
				C00CD7AF1F6B553700B1FCD3 /* GerenciadorDeAcoes.swift */,
				C02B1DC51F689732009F9465 /* Main.storyboard */,
				C06D09951F68B07D00E3C9BC /* ContatoDao.swift */,
				C02B1DCB1F689732009F9465 /* Assets.xcassets */,
				C02B1DCD1F689732009F9465 /* LaunchScreen.storyboard */,
				C02B1DD01F689732009F9465 /* Info.plist */,
				C02B1DC81F689732009F9465 /* ContatosIP67.xcdatamodeld */,
				C02B1DD71F689F5C009F9465 /* Contato.h */,
				C02B1DD81F689F5C009F9465 /* Contato.m */,
				C02B1DD61F689F5C009F9465 /* ContatosIP67-Bridging-Header.h */,
				C0DC14221F6CACC500BD42C3 /* Vila Mariana.gpx */,
			);
			path = ContatosIP67;
			sourceTree = "<group>";
		};
		E0A161C5BF964671C790E092 /* Pods */ = {
			isa = PBXGroup;
			children = (
				1CCB00AE74ED160785D05865 /* Pods-ContatosIP67.debug.xcconfig */,
				863BCDDC83C3BDCC93BA8AC3 /* Pods-ContatosIP67.release.xcconfig */,
			);
			name = Pods;
			sourceTree = "<group>";
		};
/* End PBXGroup section */

/* Begin PBXNativeTarget section */
		C02B1DBD1F689731009F9465 /* ContatosIP67 */ = {
			isa = PBXNativeTarget;
			buildConfigurationList = C02B1DD31F689732009F9465 /* Build configuration list for PBXNativeTarget "ContatosIP67" */;
			buildPhases = (
				3ED19ACFCB6573FAEE84A638 /* [CP] Check Pods Manifest.lock */,
				C02B1DBA1F689731009F9465 /* Sources */,
				C02B1DBB1F689731009F9465 /* Frameworks */,
				C02B1DBC1F689731009F9465 /* Resources */,
				7254CE7ECC54ACE3C798A975 /* [CP] Embed Pods Frameworks */,
				B46FD3E2D96B876A6D842CA0 /* [CP] Copy Pods Resources */,
			);
			buildRules = (
			);
			dependencies = (
			);
			name = ContatosIP67;
			productName = ContatosIP67;
			productReference = C02B1DBE1F689732009F9465 /* ContatosIP67.app */;
			productType = "com.apple.product-type.application";
		};
/* End PBXNativeTarget section */

/* Begin PBXProject section */
		C02B1DB61F689731009F9465 /* Project object */ = {
			isa = PBXProject;
			attributes = {
				LastSwiftUpdateCheck = 0800;
				LastUpgradeCheck = 0800;
				ORGANIZATIONNAME = Caelum;
				TargetAttributes = {
					C02B1DBD1F689731009F9465 = {
						CreatedOnToolsVersion = 8.0;
						LastSwiftMigration = 0800;
						ProvisioningStyle = Automatic;
					};
				};
			};
			buildConfigurationList = C02B1DB91F689731009F9465 /* Build configuration list for PBXProject "ContatosIP67" */;
			compatibilityVersion = "Xcode 3.2";
			developmentRegion = English;
			hasScannedForEncodings = 0;
			knownRegions = (
				en,
				Base,
			);
			mainGroup = C02B1DB51F689731009F9465;
			productRefGroup = C02B1DBF1F689732009F9465 /* Products */;
			projectDirPath = "";
			projectRoot = "";
			targets = (
				C02B1DBD1F689731009F9465 /* ContatosIP67 */,
			);
		};
/* End PBXProject section */

/* Begin PBXResourcesBuildPhase section */
		C02B1DBC1F689731009F9465 /* Resources */ = {
			isa = PBXResourcesBuildPhase;
			buildActionMask = 2147483647;
			files = (
				C02B1DCF1F689732009F9465 /* LaunchScreen.storyboard in Resources */,
				C02B1DCC1F689732009F9465 /* Assets.xcassets in Resources */,
				C0DC14231F6CACC500BD42C3 /* Vila Mariana.gpx in Resources */,
				C02B1DC71F689732009F9465 /* Main.storyboard in Resources */,
			);
			runOnlyForDeploymentPostprocessing = 0;
		};
/* End PBXResourcesBuildPhase section */

/* Begin PBXShellScriptBuildPhase section */
		3ED19ACFCB6573FAEE84A638 /* [CP] Check Pods Manifest.lock */ = {
			isa = PBXShellScriptBuildPhase;
			buildActionMask = 2147483647;
			files = (
			);
			inputPaths = (
				"${PODS_PODFILE_DIR_PATH}/Podfile.lock",
				"${PODS_ROOT}/Manifest.lock",
			);
			name = "[CP] Check Pods Manifest.lock";
			outputPaths = (
				"$(DERIVED_FILE_DIR)/Pods-ContatosIP67-checkManifestLockResult.txt",
			);
			runOnlyForDeploymentPostprocessing = 0;
			shellPath = /bin/sh;
			shellScript = "diff \"${PODS_PODFILE_DIR_PATH}/Podfile.lock\" \"${PODS_ROOT}/Manifest.lock\" > /dev/null\nif [ $? != 0 ] ; then\n    # print error to STDERR\n    echo \"error: The sandbox is not in sync with the Podfile.lock. Run 'pod install' or update your CocoaPods installation.\" >&2\n    exit 1\nfi\n# This output is used by Xcode 'outputs' to avoid re-running this script phase.\necho \"SUCCESS\" > \"${SCRIPT_OUTPUT_FILE_0}\"\n";
			showEnvVarsInLog = 0;
		};
		7254CE7ECC54ACE3C798A975 /* [CP] Embed Pods Frameworks */ = {
			isa = PBXShellScriptBuildPhase;
			buildActionMask = 2147483647;
			files = (
			);
			inputPaths = (
				"${SRCROOT}/Pods/Target Support Files/Pods-ContatosIP67/Pods-ContatosIP67-frameworks.sh",
				"${BUILT_PRODUCTS_DIR}/TPKeyboardAvoiding/TPKeyboardAvoiding.framework",
			);
			name = "[CP] Embed Pods Frameworks";
			outputPaths = (
				"${TARGET_BUILD_DIR}/${FRAMEWORKS_FOLDER_PATH}/TPKeyboardAvoiding.framework",
			);
			runOnlyForDeploymentPostprocessing = 0;
			shellPath = /bin/sh;
			shellScript = "\"${SRCROOT}/Pods/Target Support Files/Pods-ContatosIP67/Pods-ContatosIP67-frameworks.sh\"\n";
			showEnvVarsInLog = 0;
		};
		B46FD3E2D96B876A6D842CA0 /* [CP] Copy Pods Resources */ = {
			isa = PBXShellScriptBuildPhase;
			buildActionMask = 2147483647;
			files = (
			);
			inputPaths = (
			);
			name = "[CP] Copy Pods Resources";
			outputPaths = (
			);
			runOnlyForDeploymentPostprocessing = 0;
			shellPath = /bin/sh;
			shellScript = "\"${SRCROOT}/Pods/Target Support Files/Pods-ContatosIP67/Pods-ContatosIP67-resources.sh\"\n";
			showEnvVarsInLog = 0;
		};
/* End PBXShellScriptBuildPhase section */

/* Begin PBXSourcesBuildPhase section */
		C02B1DBA1F689731009F9465 /* Sources */ = {
			isa = PBXSourcesBuildPhase;
			buildActionMask = 2147483647;
			files = (
				C0DC14211F6CA2EA00BD42C3 /* ContatoNoMapaViewController.swift in Sources */,
				C02B1DD91F689F5C009F9465 /* Contato.m in Sources */,
				C02B1DC41F689732009F9465 /* FormularioContatoViewController.swift in Sources */,
				C00CD7B01F6B553700B1FCD3 /* GerenciadorDeAcoes.swift in Sources */,
				C00CD7AE1F6B38A900B1FCD3 /* FormularioContatoViewControllerDelegate.swift in Sources */,
				C06D09961F68B07D00E3C9BC /* ContatoDao.swift in Sources */,
				C06D099C1F68C08B00E3C9BC /* ListaContatosViewController.swift in Sources */,
				C02B1DCA1F689732009F9465 /* ContatosIP67.xcdatamodeld in Sources */,
				C01DD5001F73259700E95947 /* TemperaturaViewController.swift in Sources */,
				C0C9812C1F71D6FB005197BC /* CoreDataUtil.swift in Sources */,
				C02B1DC21F689732009F9465 /* AppDelegate.swift in Sources */,
			);
			runOnlyForDeploymentPostprocessing = 0;
		};
/* End PBXSourcesBuildPhase section */

/* Begin PBXVariantGroup section */
		C02B1DC51F689732009F9465 /* Main.storyboard */ = {
			isa = PBXVariantGroup;
			children = (
				C02B1DC61F689732009F9465 /* Base */,
			);
			name = Main.storyboard;
			sourceTree = "<group>";
		};
		C02B1DCD1F689732009F9465 /* LaunchScreen.storyboard */ = {
			isa = PBXVariantGroup;
			children = (
				C02B1DCE1F689732009F9465 /* Base */,
			);
			name = LaunchScreen.storyboard;
			sourceTree = "<group>";
		};
/* End PBXVariantGroup section */

/* Begin XCBuildConfiguration section */
		C02B1DD11F689732009F9465 /* Debug */ = {
			isa = XCBuildConfiguration;
			buildSettings = {
				ALWAYS_SEARCH_USER_PATHS = NO;
				CLANG_ANALYZER_NONNULL = YES;
				CLANG_CXX_LANGUAGE_STANDARD = "gnu++0x";
				CLANG_CXX_LIBRARY = "libc++";
				CLANG_ENABLE_MODULES = YES;
				CLANG_ENABLE_OBJC_ARC = YES;
				CLANG_WARN_BOOL_CONVERSION = YES;
				CLANG_WARN_CONSTANT_CONVERSION = YES;
				CLANG_WARN_DIRECT_OBJC_ISA_USAGE = YES_ERROR;
				CLANG_WARN_DOCUMENTATION_COMMENTS = YES;
				CLANG_WARN_EMPTY_BODY = YES;
				CLANG_WARN_ENUM_CONVERSION = YES;
				CLANG_WARN_INFINITE_RECURSION = YES;
				CLANG_WARN_INT_CONVERSION = YES;
				CLANG_WARN_OBJC_ROOT_CLASS = YES_ERROR;
				CLANG_WARN_SUSPICIOUS_MOVES = YES;
				CLANG_WARN_UNREACHABLE_CODE = YES;
				CLANG_WARN__DUPLICATE_METHOD_MATCH = YES;
				"CODE_SIGN_IDENTITY[sdk=iphoneos*]" = "iPhone Developer";
				COPY_PHASE_STRIP = NO;
				DEBUG_INFORMATION_FORMAT = dwarf;
				ENABLE_STRICT_OBJC_MSGSEND = YES;
				ENABLE_TESTABILITY = YES;
				GCC_C_LANGUAGE_STANDARD = gnu99;
				GCC_DYNAMIC_NO_PIC = NO;
				GCC_NO_COMMON_BLOCKS = YES;
				GCC_OPTIMIZATION_LEVEL = 0;
				GCC_PREPROCESSOR_DEFINITIONS = (
					"DEBUG=1",
					"$(inherited)",
				);
				GCC_WARN_64_TO_32_BIT_CONVERSION = YES;
				GCC_WARN_ABOUT_RETURN_TYPE = YES_ERROR;
				GCC_WARN_UNDECLARED_SELECTOR = YES;
				GCC_WARN_UNINITIALIZED_AUTOS = YES_AGGRESSIVE;
				GCC_WARN_UNUSED_FUNCTION = YES;
				GCC_WARN_UNUSED_VARIABLE = YES;
				IPHONEOS_DEPLOYMENT_TARGET = 10.0;
				MTL_ENABLE_DEBUG_INFO = YES;
				ONLY_ACTIVE_ARCH = YES;
				SDKROOT = iphoneos;
				SWIFT_ACTIVE_COMPILATION_CONDITIONS = DEBUG;
				SWIFT_OPTIMIZATION_LEVEL = "-Onone";
			};
			name = Debug;
		};
		C02B1DD21F689732009F9465 /* Release */ = {
			isa = XCBuildConfiguration;
			buildSettings = {
				ALWAYS_SEARCH_USER_PATHS = NO;
				CLANG_ANALYZER_NONNULL = YES;
				CLANG_CXX_LANGUAGE_STANDARD = "gnu++0x";
				CLANG_CXX_LIBRARY = "libc++";
				CLANG_ENABLE_MODULES = YES;
				CLANG_ENABLE_OBJC_ARC = YES;
				CLANG_WARN_BOOL_CONVERSION = YES;
				CLANG_WARN_CONSTANT_CONVERSION = YES;
				CLANG_WARN_DIRECT_OBJC_ISA_USAGE = YES_ERROR;
				CLANG_WARN_DOCUMENTATION_COMMENTS = YES;
				CLANG_WARN_EMPTY_BODY = YES;
				CLANG_WARN_ENUM_CONVERSION = YES;
				CLANG_WARN_INFINITE_RECURSION = YES;
				CLANG_WARN_INT_CONVERSION = YES;
				CLANG_WARN_OBJC_ROOT_CLASS = YES_ERROR;
				CLANG_WARN_SUSPICIOUS_MOVES = YES;
				CLANG_WARN_UNREACHABLE_CODE = YES;
				CLANG_WARN__DUPLICATE_METHOD_MATCH = YES;
				"CODE_SIGN_IDENTITY[sdk=iphoneos*]" = "iPhone Developer";
				COPY_PHASE_STRIP = NO;
				DEBUG_INFORMATION_FORMAT = "dwarf-with-dsym";
				ENABLE_NS_ASSERTIONS = NO;
				ENABLE_STRICT_OBJC_MSGSEND = YES;
				GCC_C_LANGUAGE_STANDARD = gnu99;
				GCC_NO_COMMON_BLOCKS = YES;
				GCC_WARN_64_TO_32_BIT_CONVERSION = YES;
				GCC_WARN_ABOUT_RETURN_TYPE = YES_ERROR;
				GCC_WARN_UNDECLARED_SELECTOR = YES;
				GCC_WARN_UNINITIALIZED_AUTOS = YES_AGGRESSIVE;
				GCC_WARN_UNUSED_FUNCTION = YES;
				GCC_WARN_UNUSED_VARIABLE = YES;
				IPHONEOS_DEPLOYMENT_TARGET = 10.0;
				MTL_ENABLE_DEBUG_INFO = NO;
				SDKROOT = iphoneos;
				SWIFT_OPTIMIZATION_LEVEL = "-Owholemodule";
				VALIDATE_PRODUCT = YES;
			};
			name = Release;
		};
		C02B1DD41F689732009F9465 /* Debug */ = {
			isa = XCBuildConfiguration;
			baseConfigurationReference = 1CCB00AE74ED160785D05865 /* Pods-ContatosIP67.debug.xcconfig */;
			buildSettings = {
				ASSETCATALOG_COMPILER_APPICON_NAME = AppIcon;
				CLANG_ENABLE_MODULES = YES;
				INFOPLIST_FILE = ContatosIP67/Info.plist;
				LD_RUNPATH_SEARCH_PATHS = "$(inherited) @executable_path/Frameworks";
				PRODUCT_BUNDLE_IDENTIFIER = br.com.caelum.ContatosIP67;
				PRODUCT_NAME = "$(TARGET_NAME)";
				SWIFT_OBJC_BRIDGING_HEADER = "ContatosIP67/ContatosIP67-Bridging-Header.h";
				SWIFT_OPTIMIZATION_LEVEL = "-Onone";
				SWIFT_VERSION = 3.0;
			};
			name = Debug;
		};
		C02B1DD51F689732009F9465 /* Release */ = {
			isa = XCBuildConfiguration;
			baseConfigurationReference = 863BCDDC83C3BDCC93BA8AC3 /* Pods-ContatosIP67.release.xcconfig */;
			buildSettings = {
				ASSETCATALOG_COMPILER_APPICON_NAME = AppIcon;
				CLANG_ENABLE_MODULES = YES;
				INFOPLIST_FILE = ContatosIP67/Info.plist;
				LD_RUNPATH_SEARCH_PATHS = "$(inherited) @executable_path/Frameworks";
				PRODUCT_BUNDLE_IDENTIFIER = br.com.caelum.ContatosIP67;
				PRODUCT_NAME = "$(TARGET_NAME)";
				SWIFT_OBJC_BRIDGING_HEADER = "ContatosIP67/ContatosIP67-Bridging-Header.h";
				SWIFT_VERSION = 3.0;
			};
			name = Release;
		};
/* End XCBuildConfiguration section */

/* Begin XCConfigurationList section */
		C02B1DB91F689731009F9465 /* Build configuration list for PBXProject "ContatosIP67" */ = {
			isa = XCConfigurationList;
			buildConfigurations = (
				C02B1DD11F689732009F9465 /* Debug */,
				C02B1DD21F689732009F9465 /* Release */,
			);
			defaultConfigurationIsVisible = 0;
			defaultConfigurationName = Release;
		};
		C02B1DD31F689732009F9465 /* Build configuration list for PBXNativeTarget "ContatosIP67" */ = {
			isa = XCConfigurationList;
			buildConfigurations = (
				C02B1DD41F689732009F9465 /* Debug */,
				C02B1DD51F689732009F9465 /* Release */,
			);
			defaultConfigurationIsVisible = 0;
			defaultConfigurationName = Release;
		};
/* End XCConfigurationList section */

/* Begin XCVersionGroup section */
		C02B1DC81F689732009F9465 /* ContatosIP67.xcdatamodeld */ = {
			isa = XCVersionGroup;
			children = (
				C02B1DC91F689732009F9465 /* ContatosIP67.xcdatamodel */,
			);
			currentVersion = C02B1DC91F689732009F9465 /* ContatosIP67.xcdatamodel */;
			path = ContatosIP67.xcdatamodeld;
			sourceTree = "<group>";
			versionGroupType = wrapper.xcdatamodel;
		};
/* End XCVersionGroup section */
	};
	rootObject = C02B1DB61F689731009F9465 /* Project object */;
}
